
Microsoft Visual Studio Solution File, Format Version 12.00
# Visual Studio 2012
Project("{FAE04EC0-301F-11D3-BF4B-00C04F79EFBC}") = "MetroAppsList", "MetroAppsList\MetroAppsList.csproj", "{88DDFAD6-931F-4497-980F-AA39D873A83A}"
EndProject
Global
	GlobalSection(SolutionConfigurationPlatforms) = preSolution
		Debug|Any CPU = Debug|Any CPU
		Release|Any CPU = Release|Any CPU
	EndGlobalSection
	GlobalSection(ProjectConfigurationPlatforms) = postSolution
		{88DDFAD6-931F-4497-980F-AA39D873A83A}.Debug|Any CPU.ActiveCfg = Debug|Any CPU
		{88DDFAD6-931F-4497-980F-AA39D873A83A}.Debug|Any CPU.Build.0 = Debug|Any CPU
		{88DDFAD6-931F-4497-980F-AA39D873A83A}.Release|Any CPU.ActiveCfg = Release|Any CPU
		{88DDFAD6-931F-4497-980F-AA39D873A83A}.Release|Any CPU.Build.0 = Release|Any CPU
	EndGlobalSection
	GlobalSection(SolutionProperties) = preSolution
		HideSolutionNode = FALSE
	EndGlobalSection
EndGlobal
